// !$*UTF8*$!
{
	archiveVersion = 1;
	classes = {
	};
	objectVersion = 46;
	objects = {

/* Begin PBXBuildFile section */
		0290FD7F1AC2A22E00C8EDFC /* AppDelegate.swift in Sources */ = {isa = PBXBuildFile; fileRef = 0290FD7E1AC2A22E00C8EDFC /* AppDelegate.swift */; };
		0290FD811AC2A22E00C8EDFC /* ViewController.swift in Sources */ = {isa = PBXBuildFile; fileRef = 0290FD801AC2A22E00C8EDFC /* ViewController.swift */; };
		0290FD841AC2A22E00C8EDFC /* Main.storyboard in Resources */ = {isa = PBXBuildFile; fileRef = 0290FD821AC2A22E00C8EDFC /* Main.storyboard */; };
		0290FD861AC2A22E00C8EDFC /* Images.xcassets in Resources */ = {isa = PBXBuildFile; fileRef = 0290FD851AC2A22E00C8EDFC /* Images.xcassets */; };
		0290FD891AC2A22E00C8EDFC /* LaunchScreen.xib in Resources */ = {isa = PBXBuildFile; fileRef = 0290FD871AC2A22E00C8EDFC /* LaunchScreen.xib */; };
		0290FD951AC2A22E00C8EDFC /* MusicPlayer_SwiftTests.swift in Sources */ = {isa = PBXBuildFile; fileRef = 0290FD941AC2A22E00C8EDFC /* MusicPlayer_SwiftTests.swift */; };
		0290FD9F1AC2AB7000C8EDFC /* HttpHandler.swift in Sources */ = {isa = PBXBuildFile; fileRef = 0290FD9E1AC2AB7000C8EDFC /* HttpHandler.swift */; };
		0290FDC61AC2ABD800C8EDFC /* AFHTTPRequestOperation.m in Sources */ = {isa = PBXBuildFile; fileRef = 0290FDA21AC2ABD800C8EDFC /* AFHTTPRequestOperation.m */; };
		0290FDC71AC2ABD800C8EDFC /* AFHTTPRequestOperationManager.m in Sources */ = {isa = PBXBuildFile; fileRef = 0290FDA41AC2ABD800C8EDFC /* AFHTTPRequestOperationManager.m */; };
		0290FDC81AC2ABD800C8EDFC /* AFHTTPSessionManager.m in Sources */ = {isa = PBXBuildFile; fileRef = 0290FDA61AC2ABD800C8EDFC /* AFHTTPSessionManager.m */; };
		0290FDC91AC2ABD800C8EDFC /* AFNetworkReachabilityManager.m in Sources */ = {isa = PBXBuildFile; fileRef = 0290FDA91AC2ABD800C8EDFC /* AFNetworkReachabilityManager.m */; };
		0290FDCA1AC2ABD800C8EDFC /* AFSecurityPolicy.m in Sources */ = {isa = PBXBuildFile; fileRef = 0290FDAB1AC2ABD800C8EDFC /* AFSecurityPolicy.m */; };
		0290FDCB1AC2ABD800C8EDFC /* AFURLConnectionOperation.m in Sources */ = {isa = PBXBuildFile; fileRef = 0290FDAD1AC2ABD800C8EDFC /* AFURLConnectionOperation.m */; };
		0290FDCC1AC2ABD800C8EDFC /* AFURLRequestSerialization.m in Sources */ = {isa = PBXBuildFile; fileRef = 0290FDAF1AC2ABD800C8EDFC /* AFURLRequestSerialization.m */; };
		0290FDCD1AC2ABD800C8EDFC /* AFURLResponseSerialization.m in Sources */ = {isa = PBXBuildFile; fileRef = 0290FDB11AC2ABD800C8EDFC /* AFURLResponseSerialization.m */; };
		0290FDCE1AC2ABD800C8EDFC /* AFURLSessionManager.m in Sources */ = {isa = PBXBuildFile; fileRef = 0290FDB31AC2ABD800C8EDFC /* AFURLSessionManager.m */; };
		0290FDCF1AC2ABD800C8EDFC /* AFNetworkActivityIndicatorManager.m in Sources */ = {isa = PBXBuildFile; fileRef = 0290FDB61AC2ABD800C8EDFC /* AFNetworkActivityIndicatorManager.m */; };
		0290FDD01AC2ABD800C8EDFC /* UIActivityIndicatorView+AFNetworking.m in Sources */ = {isa = PBXBuildFile; fileRef = 0290FDB81AC2ABD800C8EDFC /* UIActivityIndicatorView+AFNetworking.m */; };
		0290FDD11AC2ABD800C8EDFC /* UIAlertView+AFNetworking.m in Sources */ = {isa = PBXBuildFile; fileRef = 0290FDBA1AC2ABD800C8EDFC /* UIAlertView+AFNetworking.m */; };
		0290FDD21AC2ABD800C8EDFC /* UIButton+AFNetworking.m in Sources */ = {isa = PBXBuildFile; fileRef = 0290FDBC1AC2ABD800C8EDFC /* UIButton+AFNetworking.m */; };
		0290FDD31AC2ABD800C8EDFC /* UIImageView+AFNetworking.m in Sources */ = {isa = PBXBuildFile; fileRef = 0290FDBE1AC2ABD800C8EDFC /* UIImageView+AFNetworking.m */; };
		0290FDD41AC2ABD800C8EDFC /* UIProgressView+AFNetworking.m in Sources */ = {isa = PBXBuildFile; fileRef = 0290FDC11AC2ABD800C8EDFC /* UIProgressView+AFNetworking.m */; };
		0290FDD51AC2ABD800C8EDFC /* UIRefreshControl+AFNetworking.m in Sources */ = {isa = PBXBuildFile; fileRef = 0290FDC31AC2ABD800C8EDFC /* UIRefreshControl+AFNetworking.m */; };
		0290FDD61AC2ABD800C8EDFC /* UIWebView+AFNetworking.m in Sources */ = {isa = PBXBuildFile; fileRef = 0290FDC51AC2ABD800C8EDFC /* UIWebView+AFNetworking.m */; };
		0290FDD81AC2C66700C8EDFC /* ZLChannelTableViewController.swift in Sources */ = {isa = PBXBuildFile; fileRef = 0290FDD71AC2C66700C8EDFC /* ZLChannelTableViewController.swift */; };
/* End PBXBuildFile section */

/* Begin PBXContainerItemProxy section */
		0290FD8F1AC2A22E00C8EDFC /* PBXContainerItemProxy */ = {
			isa = PBXContainerItemProxy;
			containerPortal = 0290FD711AC2A22E00C8EDFC /* Project object */;
			proxyType = 1;
			remoteGlobalIDString = 0290FD781AC2A22E00C8EDFC;
			remoteInfo = MusicPlayer_Swift;
		};
/* End PBXContainerItemProxy section */

/* Begin PBXFileReference section */
		0290FD791AC2A22E00C8EDFC /* MusicPlayer_Swift.app */ = {isa = PBXFileReference; explicitFileType = wrapper.application; includeInIndex = 0; path = MusicPlayer_Swift.app; sourceTree = BUILT_PRODUCTS_DIR; };
		0290FD7D1AC2A22E00C8EDFC /* Info.plist */ = {isa = PBXFileReference; lastKnownFileType = text.plist.xml; path = Info.plist; sourceTree = "<group>"; };
		0290FD7E1AC2A22E00C8EDFC /* AppDelegate.swift */ = {isa = PBXFileReference; lastKnownFileType = sourcecode.swift; path = AppDelegate.swift; sourceTree = "<group>"; };
		0290FD801AC2A22E00C8EDFC /* ViewController.swift */ = {isa = PBXFileReference; lastKnownFileType = sourcecode.swift; path = ViewController.swift; sourceTree = "<group>"; };
		0290FD831AC2A22E00C8EDFC /* Base */ = {isa = PBXFileReference; lastKnownFileType = file.storyboard; name = Base; path = Base.lproj/Main.storyboard; sourceTree = "<group>"; };
		0290FD851AC2A22E00C8EDFC /* Images.xcassets */ = {isa = PBXFileReference; lastKnownFileType = folder.assetcatalog; path = Images.xcassets; sourceTree = "<group>"; };
		0290FD881AC2A22E00C8EDFC /* Base */ = {isa = PBXFileReference; lastKnownFileType = file.xib; name = Base; path = Base.lproj/LaunchScreen.xib; sourceTree = "<group>"; };
		0290FD8E1AC2A22E00C8EDFC /* MusicPlayer_SwiftTests.xctest */ = {isa = PBXFileReference; explicitFileType = wrapper.cfbundle; includeInIndex = 0; path = MusicPlayer_SwiftTests.xctest; sourceTree = BUILT_PRODUCTS_DIR; };
		0290FD931AC2A22E00C8EDFC /* Info.plist */ = {isa = PBXFileReference; lastKnownFileType = text.plist.xml; path = Info.plist; sourceTree = "<group>"; };
		0290FD941AC2A22E00C8EDFC /* MusicPlayer_SwiftTests.swift */ = {isa = PBXFileReference; lastKnownFileType = sourcecode.swift; path = MusicPlayer_SwiftTests.swift; sourceTree = "<group>"; };
		0290FD9E1AC2AB7000C8EDFC /* HttpHandler.swift */ = {isa = PBXFileReference; fileEncoding = 4; lastKnownFileType = sourcecode.swift; path = HttpHandler.swift; sourceTree = "<group>"; };
		0290FDA11AC2ABD800C8EDFC /* AFHTTPRequestOperation.h */ = {isa = PBXFileReference; fileEncoding = 4; lastKnownFileType = sourcecode.c.h; path = AFHTTPRequestOperation.h; sourceTree = "<group>"; };
		0290FDA21AC2ABD800C8EDFC /* AFHTTPRequestOperation.m */ = {isa = PBXFileReference; fileEncoding = 4; lastKnownFileType = sourcecode.c.objc; path = AFHTTPRequestOperation.m; sourceTree = "<group>"; };
		0290FDA31AC2ABD800C8EDFC /* AFHTTPRequestOperationManager.h */ = {isa = PBXFileReference; fileEncoding = 4; lastKnownFileType = sourcecode.c.h; path = AFHTTPRequestOperationManager.h; sourceTree = "<group>"; };
		0290FDA41AC2ABD800C8EDFC /* AFHTTPRequestOperationManager.m */ = {isa = PBXFileReference; fileEncoding = 4; lastKnownFileType = sourcecode.c.objc; path = AFHTTPRequestOperationManager.m; sourceTree = "<group>"; };
		0290FDA51AC2ABD800C8EDFC /* AFHTTPSessionManager.h */ = {isa = PBXFileReference; fileEncoding = 4; lastKnownFileType = sourcecode.c.h; path = AFHTTPSessionManager.h; sourceTree = "<group>"; };
		0290FDA61AC2ABD800C8EDFC /* AFHTTPSessionManager.m */ = {isa = PBXFileReference; fileEncoding = 4; lastKnownFileType = sourcecode.c.objc; path = AFHTTPSessionManager.m; sourceTree = "<group>"; };
		0290FDA71AC2ABD800C8EDFC /* AFNetworking.h */ = {isa = PBXFileReference; fileEncoding = 4; lastKnownFileType = sourcecode.c.h; path = AFNetworking.h; sourceTree = "<group>"; };
		0290FDA81AC2ABD800C8EDFC /* AFNetworkReachabilityManager.h */ = {isa = PBXFileReference; fileEncoding = 4; lastKnownFileType = sourcecode.c.h; path = AFNetworkReachabilityManager.h; sourceTree = "<group>"; };
		0290FDA91AC2ABD800C8EDFC /* AFNetworkReachabilityManager.m */ = {isa = PBXFileReference; fileEncoding = 4; lastKnownFileType = sourcecode.c.objc; path = AFNetworkReachabilityManager.m; sourceTree = "<group>"; };
		0290FDAA1AC2ABD800C8EDFC /* AFSecurityPolicy.h */ = {isa = PBXFileReference; fileEncoding = 4; lastKnownFileType = sourcecode.c.h; path = AFSecurityPolicy.h; sourceTree = "<group>"; };
		0290FDAB1AC2ABD800C8EDFC /* AFSecurityPolicy.m */ = {isa = PBXFileReference; fileEncoding = 4; lastKnownFileType = sourcecode.c.objc; path = AFSecurityPolicy.m; sourceTree = "<group>"; };
		0290FDAC1AC2ABD800C8EDFC /* AFURLConnectionOperation.h */ = {isa = PBXFileReference; fileEncoding = 4; lastKnownFileType = sourcecode.c.h; path = AFURLConnectionOperation.h; sourceTree = "<group>"; };
		0290FDAD1AC2ABD800C8EDFC /* AFURLConnectionOperation.m */ = {isa = PBXFileReference; fileEncoding = 4; lastKnownFileType = sourcecode.c.objc; path = AFURLConnectionOperation.m; sourceTree = "<group>"; };
		0290FDAE1AC2ABD800C8EDFC /* AFURLRequestSerialization.h */ = {isa = PBXFileReference; fileEncoding = 4; lastKnownFileType = sourcecode.c.h; path = AFURLRequestSerialization.h; sourceTree = "<group>"; };
		0290FDAF1AC2ABD800C8EDFC /* AFURLRequestSerialization.m */ = {isa = PBXFileReference; fileEncoding = 4; lastKnownFileType = sourcecode.c.objc; path = AFURLRequestSerialization.m; sourceTree = "<group>"; };
		0290FDB01AC2ABD800C8EDFC /* AFURLResponseSerialization.h */ = {isa = PBXFileReference; fileEncoding = 4; lastKnownFileType = sourcecode.c.h; path = AFURLResponseSerialization.h; sourceTree = "<group>"; };
		0290FDB11AC2ABD800C8EDFC /* AFURLResponseSerialization.m */ = {isa = PBXFileReference; fileEncoding = 4; lastKnownFileType = sourcecode.c.objc; path = AFURLResponseSerialization.m; sourceTree = "<group>"; };
		0290FDB21AC2ABD800C8EDFC /* AFURLSessionManager.h */ = {isa = PBXFileReference; fileEncoding = 4; lastKnownFileType = sourcecode.c.h; path = AFURLSessionManager.h; sourceTree = "<group>"; };
		0290FDB31AC2ABD800C8EDFC /* AFURLSessionManager.m */ = {isa = PBXFileReference; fileEncoding = 4; lastKnownFileType = sourcecode.c.objc; path = AFURLSessionManager.m; sourceTree = "<group>"; };
		0290FDB51AC2ABD800C8EDFC /* AFNetworkActivityIndicatorManager.h */ = {isa = PBXFileReference; fileEncoding = 4; lastKnownFileType = sourcecode.c.h; path = AFNetworkActivityIndicatorManager.h; sourceTree = "<group>"; };
		0290FDB61AC2ABD800C8EDFC /* AFNetworkActivityIndicatorManager.m */ = {isa = PBXFileReference; fileEncoding = 4; lastKnownFileType = sourcecode.c.objc; path = AFNetworkActivityIndicatorManager.m; sourceTree = "<group>"; };
		0290FDB71AC2ABD800C8EDFC /* UIActivityIndicatorView+AFNetworking.h */ = {isa = PBXFileReference; fileEncoding = 4; lastKnownFileType = sourcecode.c.h; path = "UIActivityIndicatorView+AFNetworking.h"; sourceTree = "<group>"; };
		0290FDB81AC2ABD800C8EDFC /* UIActivityIndicatorView+AFNetworking.m */ = {isa = PBXFileReference; fileEncoding = 4; lastKnownFileType = sourcecode.c.objc; path = "UIActivityIndicatorView+AFNetworking.m"; sourceTree = "<group>"; };
		0290FDB91AC2ABD800C8EDFC /* UIAlertView+AFNetworking.h */ = {isa = PBXFileReference; fileEncoding = 4; lastKnownFileType = sourcecode.c.h; path = "UIAlertView+AFNetworking.h"; sourceTree = "<group>"; };
		0290FDBA1AC2ABD800C8EDFC /* UIAlertView+AFNetworking.m */ = {isa = PBXFileReference; fileEncoding = 4; lastKnownFileType = sourcecode.c.objc; path = "UIAlertView+AFNetworking.m"; sourceTree = "<group>"; };
		0290FDBB1AC2ABD800C8EDFC /* UIButton+AFNetworking.h */ = {isa = PBXFileReference; fileEncoding = 4; lastKnownFileType = sourcecode.c.h; path = "UIButton+AFNetworking.h"; sourceTree = "<group>"; };
		0290FDBC1AC2ABD800C8EDFC /* UIButton+AFNetworking.m */ = {isa = PBXFileReference; fileEncoding = 4; lastKnownFileType = sourcecode.c.objc; path = "UIButton+AFNetworking.m"; sourceTree = "<group>"; };
		0290FDBD1AC2ABD800C8EDFC /* UIImageView+AFNetworking.h */ = {isa = PBXFileReference; fileEncoding = 4; lastKnownFileType = sourcecode.c.h; path = "UIImageView+AFNetworking.h"; sourceTree = "<group>"; };
		0290FDBE1AC2ABD800C8EDFC /* UIImageView+AFNetworking.m */ = {isa = PBXFileReference; fileEncoding = 4; lastKnownFileType = sourcecode.c.objc; path = "UIImageView+AFNetworking.m"; sourceTree = "<group>"; };
		0290FDBF1AC2ABD800C8EDFC /* UIKit+AFNetworking.h */ = {isa = PBXFileReference; fileEncoding = 4; lastKnownFileType = sourcecode.c.h; path = "UIKit+AFNetworking.h"; sourceTree = "<group>"; };
		0290FDC01AC2ABD800C8EDFC /* UIProgressView+AFNetworking.h */ = {isa = PBXFileReference; fileEncoding = 4; lastKnownFileType = sourcecode.c.h; path = "UIProgressView+AFNetworking.h"; sourceTree = "<group>"; };
		0290FDC11AC2ABD800C8EDFC /* UIProgressView+AFNetworking.m */ = {isa = PBXFileReference; fileEncoding = 4; lastKnownFileType = sourcecode.c.objc; path = "UIProgressView+AFNetworking.m"; sourceTree = "<group>"; };
		0290FDC21AC2ABD800C8EDFC /* UIRefreshControl+AFNetworking.h */ = {isa = PBXFileReference; fileEncoding = 4; lastKnownFileType = sourcecode.c.h; path = "UIRefreshControl+AFNetworking.h"; sourceTree = "<group>"; };
		0290FDC31AC2ABD800C8EDFC /* UIRefreshControl+AFNetworking.m */ = {isa = PBXFileReference; fileEncoding = 4; lastKnownFileType = sourcecode.c.objc; path = "UIRefreshControl+AFNetworking.m"; sourceTree = "<group>"; };
		0290FDC41AC2ABD800C8EDFC /* UIWebView+AFNetworking.h */ = {isa = PBXFileReference; fileEncoding = 4; lastKnownFileType = sourcecode.c.h; path = "UIWebView+AFNetworking.h"; sourceTree = "<group>"; };
		0290FDC51AC2ABD800C8EDFC /* UIWebView+AFNetworking.m */ = {isa = PBXFileReference; fileEncoding = 4; lastKnownFileType = sourcecode.c.objc; path = "UIWebView+AFNetworking.m"; sourceTree = "<group>"; };
		0290FDD71AC2C66700C8EDFC /* ZLChannelTableViewController.swift */ = {isa = PBXFileReference; fileEncoding = 4; lastKnownFileType = sourcecode.swift; path = ZLChannelTableViewController.swift; sourceTree = "<group>"; };
/* End PBXFileReference section */

/* Begin PBXFrameworksBuildPhase section */
		0290FD761AC2A22E00C8EDFC /* Frameworks */ = {
			isa = PBXFrameworksBuildPhase;
			buildActionMask = 2147483647;
			files = (
			);
			runOnlyForDeploymentPostprocessing = 0;
		};
		0290FD8B1AC2A22E00C8EDFC /* Frameworks */ = {
			isa = PBXFrameworksBuildPhase;
			buildActionMask = 2147483647;
			files = (
			);
			runOnlyForDeploymentPostprocessing = 0;
		};
/* End PBXFrameworksBuildPhase section */

/* Begin PBXGroup section */
		0290FD701AC2A22E00C8EDFC = {
			isa = PBXGroup;
			children = (
				0290FD7B1AC2A22E00C8EDFC /* MusicPlayer_Swift */,
				0290FD911AC2A22E00C8EDFC /* MusicPlayer_SwiftTests */,
				0290FD7A1AC2A22E00C8EDFC /* Products */,
			);
			sourceTree = "<group>";
		};
		0290FD7A1AC2A22E00C8EDFC /* Products */ = {
			isa = PBXGroup;
			children = (
				0290FD791AC2A22E00C8EDFC /* MusicPlayer_Swift.app */,
				0290FD8E1AC2A22E00C8EDFC /* MusicPlayer_SwiftTests.xctest */,
			);
			name = Products;
			sourceTree = "<group>";
		};
		0290FD7B1AC2A22E00C8EDFC /* MusicPlayer_Swift */ = {
			isa = PBXGroup;
			children = (
				0290FD7E1AC2A22E00C8EDFC /* AppDelegate.swift */,
				0290FD801AC2A22E00C8EDFC /* ViewController.swift */,
				0290FD9E1AC2AB7000C8EDFC /* HttpHandler.swift */,
				0290FD821AC2A22E00C8EDFC /* Main.storyboard */,
				0290FDD71AC2C66700C8EDFC /* ZLChannelTableViewController.swift */,
				0290FD851AC2A22E00C8EDFC /* Images.xcassets */,
				0290FD871AC2A22E00C8EDFC /* LaunchScreen.xib */,
				0290FD7C1AC2A22E00C8EDFC /* Supporting Files */,
			);
			path = MusicPlayer_Swift;
			sourceTree = "<group>";
		};
		0290FD7C1AC2A22E00C8EDFC /* Supporting Files */ = {
			isa = PBXGroup;
			children = (
				0290FDA01AC2ABD800C8EDFC /* AFNetworking */,
				0290FDB41AC2ABD800C8EDFC /* UIKit+AFNetworking */,
				0290FD7D1AC2A22E00C8EDFC /* Info.plist */,
			);
			name = "Supporting Files";
			sourceTree = "<group>";
		};
		0290FD911AC2A22E00C8EDFC /* MusicPlayer_SwiftTests */ = {
			isa = PBXGroup;
			children = (
				0290FD941AC2A22E00C8EDFC /* MusicPlayer_SwiftTests.swift */,
				0290FD921AC2A22E00C8EDFC /* Supporting Files */,
			);
			path = MusicPlayer_SwiftTests;
			sourceTree = "<group>";
		};
		0290FD921AC2A22E00C8EDFC /* Supporting Files */ = {
			isa = PBXGroup;
			children = (
				0290FD931AC2A22E00C8EDFC /* Info.plist */,
			);
			name = "Supporting Files";
			sourceTree = "<group>";
		};
		0290FDA01AC2ABD800C8EDFC /* AFNetworking */ = {
			isa = PBXGroup;
			children = (
				0290FDA11AC2ABD800C8EDFC /* AFHTTPRequestOperation.h */,
				0290FDA21AC2ABD800C8EDFC /* AFHTTPRequestOperation.m */,
				0290FDA31AC2ABD800C8EDFC /* AFHTTPRequestOperationManager.h */,
				0290FDA41AC2ABD800C8EDFC /* AFHTTPRequestOperationManager.m */,
				0290FDA51AC2ABD800C8EDFC /* AFHTTPSessionManager.h */,
				0290FDA61AC2ABD800C8EDFC /* AFHTTPSessionManager.m */,
				0290FDA71AC2ABD800C8EDFC /* AFNetworking.h */,
				0290FDA81AC2ABD800C8EDFC /* AFNetworkReachabilityManager.h */,
				0290FDA91AC2ABD800C8EDFC /* AFNetworkReachabilityManager.m */,
				0290FDAA1AC2ABD800C8EDFC /* AFSecurityPolicy.h */,
				0290FDAB1AC2ABD800C8EDFC /* AFSecurityPolicy.m */,
				0290FDAC1AC2ABD800C8EDFC /* AFURLConnectionOperation.h */,
				0290FDAD1AC2ABD800C8EDFC /* AFURLConnectionOperation.m */,
				0290FDAE1AC2ABD800C8EDFC /* AFURLRequestSerialization.h */,
				0290FDAF1AC2ABD800C8EDFC /* AFURLRequestSerialization.m */,
				0290FDB01AC2ABD800C8EDFC /* AFURLResponseSerialization.h */,
				0290FDB11AC2ABD800C8EDFC /* AFURLResponseSerialization.m */,
				0290FDB21AC2ABD800C8EDFC /* AFURLSessionManager.h */,
				0290FDB31AC2ABD800C8EDFC /* AFURLSessionManager.m */,
			);
			path = AFNetworking;
			sourceTree = "<group>";
		};
		0290FDB41AC2ABD800C8EDFC /* UIKit+AFNetworking */ = {
			isa = PBXGroup;
			children = (
				0290FDB51AC2ABD800C8EDFC /* AFNetworkActivityIndicatorManager.h */,
				0290FDB61AC2ABD800C8EDFC /* AFNetworkActivityIndicatorManager.m */,
				0290FDB71AC2ABD800C8EDFC /* UIActivityIndicatorView+AFNetworking.h */,
				0290FDB81AC2ABD800C8EDFC /* UIActivityIndicatorView+AFNetworking.m */,
				0290FDB91AC2ABD800C8EDFC /* UIAlertView+AFNetworking.h */,
				0290FDBA1AC2ABD800C8EDFC /* UIAlertView+AFNetworking.m */,
				0290FDBB1AC2ABD800C8EDFC /* UIButton+AFNetworking.h */,
				0290FDBC1AC2ABD800C8EDFC /* UIButton+AFNetworking.m */,
				0290FDBD1AC2ABD800C8EDFC /* UIImageView+AFNetworking.h */,
				0290FDBE1AC2ABD800C8EDFC /* UIImageView+AFNetworking.m */,
				0290FDBF1AC2ABD800C8EDFC /* UIKit+AFNetworking.h */,
				0290FDC01AC2ABD800C8EDFC /* UIProgressView+AFNetworking.h */,
				0290FDC11AC2ABD800C8EDFC /* UIProgressView+AFNetworking.m */,
				0290FDC21AC2ABD800C8EDFC /* UIRefreshControl+AFNetworking.h */,
				0290FDC31AC2ABD800C8EDFC /* UIRefreshControl+AFNetworking.m */,
				0290FDC41AC2ABD800C8EDFC /* UIWebView+AFNetworking.h */,
				0290FDC51AC2ABD800C8EDFC /* UIWebView+AFNetworking.m */,
			);
			path = "UIKit+AFNetworking";
			sourceTree = "<group>";
		};
/* End PBXGroup section */

/* Begin PBXNativeTarget section */
		0290FD781AC2A22E00C8EDFC /* MusicPlayer_Swift */ = {
			isa = PBXNativeTarget;
			buildConfigurationList = 0290FD981AC2A22E00C8EDFC /* Build configuration list for PBXNativeTarget "MusicPlayer_Swift" */;
			buildPhases = (
				0290FD751AC2A22E00C8EDFC /* Sources */,
				0290FD761AC2A22E00C8EDFC /* Frameworks */,
				0290FD771AC2A22E00C8EDFC /* Resources */,
			);
			buildRules = (
			);
			dependencies = (
			);
			name = MusicPlayer_Swift;
			productName = MusicPlayer_Swift;
			productReference = 0290FD791AC2A22E00C8EDFC /* MusicPlayer_Swift.app */;
			productType = "com.apple.product-type.application";
		};
		0290FD8D1AC2A22E00C8EDFC /* MusicPlayer_SwiftTests */ = {
			isa = PBXNativeTarget;
			buildConfigurationList = 0290FD9B1AC2A22E00C8EDFC /* Build configuration list for PBXNativeTarget "MusicPlayer_SwiftTests" */;
			buildPhases = (
				0290FD8A1AC2A22E00C8EDFC /* Sources */,
				0290FD8B1AC2A22E00C8EDFC /* Frameworks */,
				0290FD8C1AC2A22E00C8EDFC /* Resources */,
			);
			buildRules = (
			);
			dependencies = (
				0290FD901AC2A22E00C8EDFC /* PBXTargetDependency */,
			);
			name = MusicPlayer_SwiftTests;
			productName = MusicPlayer_SwiftTests;
			productReference = 0290FD8E1AC2A22E00C8EDFC /* MusicPlayer_SwiftTests.xctest */;
			productType = "com.apple.product-type.bundle.unit-test";
		};
/* End PBXNativeTarget section */

/* Begin PBXProject section */
		0290FD711AC2A22E00C8EDFC /* Project object */ = {
			isa = PBXProject;
			attributes = {
				LastUpgradeCheck = 0620;
				ORGANIZATIONNAME = ForLove;
				TargetAttributes = {
					0290FD781AC2A22E00C8EDFC = {
						CreatedOnToolsVersion = 6.2;
					};
					0290FD8D1AC2A22E00C8EDFC = {
						CreatedOnToolsVersion = 6.2;
						TestTargetID = 0290FD781AC2A22E00C8EDFC;
					};
				};
			};
			buildConfigurationList = 0290FD741AC2A22E00C8EDFC /* Build configuration list for PBXProject "MusicPlayer_Swift" */;
			compatibilityVersion = "Xcode 3.2";
			developmentRegion = English;
			hasScannedForEncodings = 0;
			knownRegions = (
				en,
				Base,
			);
			mainGroup = 0290FD701AC2A22E00C8EDFC;
			productRefGroup = 0290FD7A1AC2A22E00C8EDFC /* Products */;
			projectDirPath = "";
			projectRoot = "";
			targets = (
				0290FD781AC2A22E00C8EDFC /* MusicPlayer_Swift */,
				0290FD8D1AC2A22E00C8EDFC /* MusicPlayer_SwiftTests */,
			);
		};
/* End PBXProject section */

/* Begin PBXResourcesBuildPhase section */
		0290FD771AC2A22E00C8EDFC /* Resources */ = {
			isa = PBXResourcesBuildPhase;
			buildActionMask = 2147483647;
			files = (
				0290FD841AC2A22E00C8EDFC /* Main.storyboard in Resources */,
				0290FD891AC2A22E00C8EDFC /* LaunchScreen.xib in Resources */,
				0290FD861AC2A22E00C8EDFC /* Images.xcassets in Resources */,
			);
			runOnlyForDeploymentPostprocessing = 0;
		};
		0290FD8C1AC2A22E00C8EDFC /* Resources */ = {
			isa = PBXResourcesBuildPhase;
			buildActionMask = 2147483647;
			files = (
			);
			runOnlyForDeploymentPostprocessing = 0;
		};
/* End PBXResourcesBuildPhase section */

/* Begin PBXSourcesBuildPhase section */
		0290FD751AC2A22E00C8EDFC /* Sources */ = {
			isa = PBXSourcesBuildPhase;
			buildActionMask = 2147483647;
			files = (
				0290FDC61AC2ABD800C8EDFC /* AFHTTPRequestOperation.m in Sources */,
				0290FDD31AC2ABD800C8EDFC /* UIImageView+AFNetworking.m in Sources */,
				0290FD811AC2A22E00C8EDFC /* ViewController.swift in Sources */,
				0290FDC71AC2ABD800C8EDFC /* AFHTTPRequestOperationManager.m in Sources */,
				0290FDD41AC2ABD800C8EDFC /* UIProgressView+AFNetworking.m in Sources */,
				0290FDC91AC2ABD800C8EDFC /* AFNetworkReachabilityManager.m in Sources */,
				0290FDCD1AC2ABD800C8EDFC /* AFURLResponseSerialization.m in Sources */,
				0290FDCB1AC2ABD800C8EDFC /* AFURLConnectionOperation.m in Sources */,
				0290FDD21AC2ABD800C8EDFC /* UIButton+AFNetworking.m in Sources */,
				0290FDD01AC2ABD800C8EDFC /* UIActivityIndicatorView+AFNetworking.m in Sources */,
				0290FDCA1AC2ABD800C8EDFC /* AFSecurityPolicy.m in Sources */,
				0290FDD51AC2ABD800C8EDFC /* UIRefreshControl+AFNetworking.m in Sources */,
				0290FDD61AC2ABD800C8EDFC /* UIWebView+AFNetworking.m in Sources */,
				0290FDC81AC2ABD800C8EDFC /* AFHTTPSessionManager.m in Sources */,
				0290FDD81AC2C66700C8EDFC /* ZLChannelTableViewController.swift in Sources */,
				0290FDD11AC2ABD800C8EDFC /* UIAlertView+AFNetworking.m in Sources */,
				0290FDCC1AC2ABD800C8EDFC /* AFURLRequestSerialization.m in Sources */,
				0290FDCF1AC2ABD800C8EDFC /* AFNetworkActivityIndicatorManager.m in Sources */,
				0290FDCE1AC2ABD800C8EDFC /* AFURLSessionManager.m in Sources */,
				0290FD9F1AC2AB7000C8EDFC /* HttpHandler.swift in Sources */,
				0290FD7F1AC2A22E00C8EDFC /* AppDelegate.swift in Sources */,
			);
			runOnlyForDeploymentPostprocessing = 0;
		};
		0290FD8A1AC2A22E00C8EDFC /* Sources */ = {
			isa = PBXSourcesBuildPhase;
			buildActionMask = 2147483647;
			files = (
				0290FD951AC2A22E00C8EDFC /* MusicPlayer_SwiftTests.swift in Sources */,
			);
			runOnlyForDeploymentPostprocessing = 0;
		};
/* End PBXSourcesBuildPhase section */

/* Begin PBXTargetDependency section */
		0290FD901AC2A22E00C8EDFC /* PBXTargetDependency */ = {
			isa = PBXTargetDependency;
			target = 0290FD781AC2A22E00C8EDFC /* MusicPlayer_Swift */;
			targetProxy = 0290FD8F1AC2A22E00C8EDFC /* PBXContainerItemProxy */;
		};
/* End PBXTargetDependency section */

/* Begin PBXVariantGroup section */
		0290FD821AC2A22E00C8EDFC /* Main.storyboard */ = {
			isa = PBXVariantGroup;
			children = (
				0290FD831AC2A22E00C8EDFC /* Base */,
			);
			name = Main.storyboard;
			sourceTree = "<group>";
		};
		0290FD871AC2A22E00C8EDFC /* LaunchScreen.xib */ = {
			isa = PBXVariantGroup;
			children = (
				0290FD881AC2A22E00C8EDFC /* Base */,
			);
			name = LaunchScreen.xib;
			sourceTree = "<group>";
		};
/* End PBXVariantGroup section */

/* Begin XCBuildConfiguration section */
		0290FD961AC2A22E00C8EDFC /* Debug */ = {
			isa = XCBuildConfiguration;
			buildSettings = {
				ALWAYS_SEARCH_USER_PATHS = NO;
				CLANG_CXX_LANGUAGE_STANDARD = "gnu++0x";
				CLANG_CXX_LIBRARY = "libc++";
				CLANG_ENABLE_MODULES = YES;
				CLANG_ENABLE_OBJC_ARC = YES;
				CLANG_WARN_BOOL_CONVERSION = YES;
				CLANG_WARN_CONSTANT_CONVERSION = YES;
				CLANG_WARN_DIRECT_OBJC_ISA_USAGE = YES_ERROR;
				CLANG_WARN_EMPTY_BODY = YES;
				CLANG_WARN_ENUM_CONVERSION = YES;
				CLANG_WARN_INT_CONVERSION = YES;
				CLANG_WARN_OBJC_ROOT_CLASS = YES_ERROR;
				CLANG_WARN_UNREACHABLE_CODE = YES;
				CLANG_WARN__DUPLICATE_METHOD_MATCH = YES;
				"CODE_SIGN_IDENTITY[sdk=iphoneos*]" = "iPhone Developer";
				COPY_PHASE_STRIP = NO;
				ENABLE_STRICT_OBJC_MSGSEND = YES;
				GCC_C_LANGUAGE_STANDARD = gnu99;
				GCC_DYNAMIC_NO_PIC = NO;
				GCC_OPTIMIZATION_LEVEL = 0;
				GCC_PREPROCESSOR_DEFINITIONS = (
					"DEBUG=1",
					"$(inherited)",
				);
				GCC_SYMBOLS_PRIVATE_EXTERN = NO;
				GCC_WARN_64_TO_32_BIT_CONVERSION = YES;
				GCC_WARN_ABOUT_RETURN_TYPE = YES_ERROR;
				GCC_WARN_UNDECLARED_SELECTOR = YES;
				GCC_WARN_UNINITIALIZED_AUTOS = YES_AGGRESSIVE;
				GCC_WARN_UNUSED_FUNCTION = YES;
				GCC_WARN_UNUSED_VARIABLE = YES;
				IPHONEOS_DEPLOYMENT_TARGET = 8.2;
				MTL_ENABLE_DEBUG_INFO = YES;
				ONLY_ACTIVE_ARCH = YES;
				SDKROOT = iphoneos;
				SWIFT_OPTIMIZATION_LEVEL = "-Onone";
			};
			name = Debug;
		};
		0290FD971AC2A22E00C8EDFC /* Release */ = {
			isa = XCBuildConfiguration;
			buildSettings = {
				ALWAYS_SEARCH_USER_PATHS = NO;
				CLANG_CXX_LANGUAGE_STANDARD = "gnu++0x";
				CLANG_CXX_LIBRARY = "libc++";
				CLANG_ENABLE_MODULES = YES;
				CLANG_ENABLE_OBJC_ARC = YES;
				CLANG_WARN_BOOL_CONVERSION = YES;
				CLANG_WARN_CONSTANT_CONVERSION = YES;
				CLANG_WARN_DIRECT_OBJC_ISA_USAGE = YES_ERROR;
				CLANG_WARN_EMPTY_BODY = YES;
				CLANG_WARN_ENUM_CONVERSION = YES;
				CLANG_WARN_INT_CONVERSION = YES;
				CLANG_WARN_OBJC_ROOT_CLASS = YES_ERROR;
				CLANG_WARN_UNREACHABLE_CODE = YES;
				CLANG_WARN__DUPLICATE_METHOD_MATCH = YES;
				"CODE_SIGN_IDENTITY[sdk=iphoneos*]" = "iPhone Developer";
				COPY_PHASE_STRIP = NO;
				ENABLE_NS_ASSERTIONS = NO;
				ENABLE_STRICT_OBJC_MSGSEND = YES;
				GCC_C_LANGUAGE_STANDARD = gnu99;
				GCC_WARN_64_TO_32_BIT_CONVERSION = YES;
				GCC_WARN_ABOUT_RETURN_TYPE = YES_ERROR;
				GCC_WARN_UNDECLARED_SELECTOR = YES;
				GCC_WARN_UNINITIALIZED_AUTOS = YES_AGGRESSIVE;
				GCC_WARN_UNUSED_FUNCTION = YES;
				GCC_WARN_UNUSED_VARIABLE = YES;
				IPHONEOS_DEPLOYMENT_TARGET = 8.2;
				MTL_ENABLE_DEBUG_INFO = NO;
				SDKROOT = iphoneos;
				VALIDATE_PRODUCT = YES;
			};
			name = Release;
		};
		0290FD991AC2A22E00C8EDFC /* Debug */ = {
			isa = XCBuildConfiguration;
			buildSettings = {
				ASSETCATALOG_COMPILER_APPICON_NAME = AppIcon;
				INFOPLIST_FILE = MusicPlayer_Swift/Info.plist;
				LD_RUNPATH_SEARCH_PATHS = "$(inherited) @executable_path/Frameworks";
				PRODUCT_NAME = "$(TARGET_NAME)";
			};
			name = Debug;
		};
		0290FD9A1AC2A22E00C8EDFC /* Release */ = {
			isa = XCBuildConfiguration;
			buildSettings = {
				ASSETCATALOG_COMPILER_APPICON_NAME = AppIcon;
				INFOPLIST_FILE = MusicPlayer_Swift/Info.plist;
				LD_RUNPATH_SEARCH_PATHS = "$(inherited) @executable_path/Frameworks";
				PRODUCT_NAME = "$(TARGET_NAME)";
			};
			name = Release;
		};
		0290FD9C1AC2A22E00C8EDFC /* Debug */ = {
			isa = XCBuildConfiguration;
			buildSettings = {
				BUNDLE_LOADER = "$(TEST_HOST)";
				FRAMEWORK_SEARCH_PATHS = (
					"$(SDKROOT)/Developer/Library/Frameworks",
					"$(inherited)",
				);
				GCC_PREPROCESSOR_DEFINITIONS = (
					"DEBUG=1",
					"$(inherited)",
				);
				INFOPLIST_FILE = MusicPlayer_SwiftTests/Info.plist;
				LD_RUNPATH_SEARCH_PATHS = "$(inherited) @executable_path/Frameworks @loader_path/Frameworks";
				PRODUCT_NAME = "$(TARGET_NAME)";
				TEST_HOST = "$(BUILT_PRODUCTS_DIR)/MusicPlayer_Swift.app/MusicPlayer_Swift";
			};
			name = Debug;
		};
		0290FD9D1AC2A22E00C8EDFC /* Release */ = {
			isa = XCBuildConfiguration;
			buildSettings = {
				BUNDLE_LOADER = "$(TEST_HOST)";
				FRAMEWORK_SEARCH_PATHS = (
					"$(SDKROOT)/Developer/Library/Frameworks",
					"$(inherited)",
				);
				INFOPLIST_FILE = MusicPlayer_SwiftTests/Info.plist;
				LD_RUNPATH_SEARCH_PATHS = "$(inherited) @executable_path/Frameworks @loader_path/Frameworks";
				PRODUCT_NAME = "$(TARGET_NAME)";
				TEST_HOST = "$(BUILT_PRODUCTS_DIR)/MusicPlayer_Swift.app/MusicPlayer_Swift";
			};
			name = Release;
		};
/* End XCBuildConfiguration section */

/* Begin XCConfigurationList section */
		0290FD741AC2A22E00C8EDFC /* Build configuration list for PBXProject "MusicPlayer_Swift" */ = {
			isa = XCConfigurationList;
			buildConfigurations = (
				0290FD961AC2A22E00C8EDFC /* Debug */,
				0290FD971AC2A22E00C8EDFC /* Release */,
			);
			defaultConfigurationIsVisible = 0;
			defaultConfigurationName = Release;
		};
		0290FD981AC2A22E00C8EDFC /* Build configuration list for PBXNativeTarget "MusicPlayer_Swift" */ = {
			isa = XCConfigurationList;
			buildConfigurations = (
				0290FD991AC2A22E00C8EDFC /* Debug */,
				0290FD9A1AC2A22E00C8EDFC /* Release */,
			);
			defaultConfigurationIsVisible = 0;
		};
		0290FD9B1AC2A22E00C8EDFC /* Build configuration list for PBXNativeTarget "MusicPlayer_SwiftTests" */ = {
			isa = XCConfigurationList;
			buildConfigurations = (
				0290FD9C1AC2A22E00C8EDFC /* Debug */,
				0290FD9D1AC2A22E00C8EDFC /* Release */,
			);
			defaultConfigurationIsVisible = 0;
		};
/* End XCConfigurationList section */
	};
	rootObject = 0290FD711AC2A22E00C8EDFC /* Project object */;
}
